
Microsoft Visual Studio Solution File, Format Version 12.00
# Visual Studio Version 16
VisualStudioVersion = 16.0.31729.503
MinimumVisualStudioVersion = 10.0.40219.1
Project("{FAE04EC0-301F-11D3-BF4B-00C04F79EFBC}") = "home-parking", "home-parking.csproj", "{556CED5D-EBCB-4ACE-8F70-254CEF18C81D}"
EndProject
Global
	GlobalSection(SolutionConfigurationPlatforms) = preSolution
		Debug|Any CPU = Debug|Any CPU
		Release|Any CPU = Release|Any CPU
	EndGlobalSection
	GlobalSection(ProjectConfigurationPlatforms) = postSolution
		{556CED5D-EBCB-4ACE-8F70-254CEF18C81D}.Debug|Any CPU.ActiveCfg = Debug|Any CPU
		{556CED5D-EBCB-4ACE-8F70-254CEF18C81D}.Debug|Any CPU.Build.0 = Debug|Any CPU
		{556CED5D-EBCB-4ACE-8F70-254CEF18C81D}.Release|Any CPU.ActiveCfg = Release|Any CPU
		{556CED5D-EBCB-4ACE-8F70-254CEF18C81D}.Release|Any CPU.Build.0 = Release|Any CPU
	EndGlobalSection
	GlobalSection(SolutionProperties) = preSolution
		HideSolutionNode = FALSE
	EndGlobalSection
	GlobalSection(ExtensibilityGlobals) = postSolution
		SolutionGuid = {3AA48F54-5160-4327-809C-D5C9443A536F}
	EndGlobalSection
EndGlobal
